
Microsoft Visual Studio Solution File, Format Version 12.00
# Visual Studio Version 17
VisualStudioVersion = 17.0.31903.59
MinimumVisualStudioVersion = 10.0.40219.1
Project("{FAE04EC0-301F-11D3-BF4B-00C04F79EFBC}") = "Voxelforge", "Voxelforge\Voxelforge.csproj", "{8D61AD10-A69E-4671-BFA1-2DC1CF38ECD1}"
EndProject
Project("{FAE04EC0-301F-11D3-BF4B-00C04F79EFBC}") = "Voxelforge.Tests", "Voxelforge.Tests\Voxelforge.Tests.csproj", "{B2BE63DE-546B-4CF6-BB7A-2A0B4A2FF42D}"
EndProject
Project("{FAE04EC0-301F-11D3-BF4B-00C04F79EFBC}") = "Voxelforge.Benchmarks", "Voxelforge.Benchmarks\Voxelforge.Benchmarks.csproj", "{B1E892FE-B39B-4CA2-94A3-BC9995BBD36F}"
EndProject
Project("{FAE04EC0-301F-11D3-BF4B-00C04F79EFBC}") = "Voxelforge.StlExporter", "Voxelforge.StlExporter\Voxelforge.StlExporter.csproj", "{C3906123-1987-4A72-8610-B041C5785EF8}"
EndProject
Project("{FAE04EC0-301F-11D3-BF4B-00C04F79EFBC}") = "Voxelforge.Core", "Voxelforge.Core\Voxelforge.Core.csproj", "{A548B775-7F2C-4C23-BFA9-05DFEDE53F16}"
EndProject
Project("{FAE04EC0-301F-11D3-BF4B-00C04F79EFBC}") = "Voxelforge.Voxels", "Voxelforge.Voxels\Voxelforge.Voxels.csproj", "{21142854-4B09-44C0-87D0-A5DAB5808E43}"
EndProject
Project("{FAE04EC0-301F-11D3-BF4B-00C04F79EFBC}") = "Voxelforge.Eval", "Voxelforge.Eval\Voxelforge.Eval.csproj", "{B18F4F34-0E7C-428F-9E61-3AB0B8534CDC}"
EndProject
Project("{FAE04EC0-301F-11D3-BF4B-00C04F79EFBC}") = "Voxelforge.Renderer", "Voxelforge.Renderer\Voxelforge.Renderer.csproj", "{FA1361F1-FE34-4727-BB4A-0924A65D0DF1}"
EndProject
Project("{FAE04EC0-301F-11D3-BF4B-00C04F79EFBC}") = "Voxelforge.Generators", "Voxelforge.Generators\Voxelforge.Generators.csproj", "{CE83C20D-DFEE-4366-A3C5-D96D32F53A6A}"
EndProject
Project("{FAE04EC0-301F-11D3-BF4B-00C04F79EFBC}") = "Voxelforge.MicroBenchmarks", "Voxelforge.MicroBenchmarks\Voxelforge.MicroBenchmarks.csproj", "{01A62372-31E8-4A86-BA61-7BE62C9E71FD}"
EndProject
Project("{2150E333-8FDC-42A3-9474-1A3956D46DE8}") = "Voxelforge.Analyzers", "Voxelforge.Analyzers", "{502C65A4-354A-6494-D4A8-ADDDDEFD4B4A}"
EndProject
Project("{FAE04EC0-301F-11D3-BF4B-00C04F79EFBC}") = "Voxelforge.Analyzers", "Voxelforge.Analyzers\Voxelforge.Analyzers.csproj", "{26DB91D9-24AB-42E3-B127-BA70F52FB541}"
EndProject
Project("{FAE04EC0-301F-11D3-BF4B-00C04F79EFBC}") = "Voxelforge.Kiosk", "Voxelforge.Kiosk\Voxelforge.Kiosk.csproj", "{DA92B7A7-8B9C-4F0E-96FB-54F488161382}"
EndProject
Project("{FAE04EC0-301F-11D3-BF4B-00C04F79EFBC}") = "Voxelforge.Airbreathing.Core", "Voxelforge.Airbreathing.Core\Voxelforge.Airbreathing.Core.csproj", "{F1A2B3C4-D5E6-4789-A012-3456789ABCDE}"
EndProject
Project("{FAE04EC0-301F-11D3-BF4B-00C04F79EFBC}") = "Voxelforge.Airbreathing.Tests", "Voxelforge.Airbreathing.Tests\Voxelforge.Airbreathing.Tests.csproj", "{F2B3C4D5-E6F7-4890-B123-4567890BCDEF}"
EndProject
Project("{FAE04EC0-301F-11D3-BF4B-00C04F79EFBC}") = "Voxelforge.Airbreathing.Voxels", "Voxelforge.Airbreathing.Voxels\Voxelforge.Airbreathing.Voxels.csproj", "{F3C4D5E6-F708-4901-C234-5678901CDEF0}"
EndProject
Project("{FAE04EC0-301F-11D3-BF4B-00C04F79EFBC}") = "Voxelforge.Airbreathing.StlExporter", "Voxelforge.Airbreathing.StlExporter\Voxelforge.Airbreathing.StlExporter.csproj", "{F4D5E6F7-0819-4A12-D345-6789012DEF01}"
EndProject
Project("{FAE04EC0-301F-11D3-BF4B-00C04F79EFBC}") = "Voxelforge.ElectricPropulsion.Core", "Voxelforge.ElectricPropulsion.Core\Voxelforge.ElectricPropulsion.Core.csproj", "{E1A2B3C4-D5E6-4789-A012-3456789EFEDA}"
EndProject
Project("{FAE04EC0-301F-11D3-BF4B-00C04F79EFBC}") = "Voxelforge.ElectricPropulsion.Tests", "Voxelforge.ElectricPropulsion.Tests\Voxelforge.ElectricPropulsion.Tests.csproj", "{E2B3C4D5-E6F7-4890-B123-4567890FEDCB}"
EndProject
Project("{FAE04EC0-301F-11D3-BF4B-00C04F79EFBC}") = "Voxelforge.ElectricPropulsion.Voxels", "Voxelforge.ElectricPropulsion.Voxels\Voxelforge.ElectricPropulsion.Voxels.csproj", "{E3C4D5E6-F708-4901-C234-5678901EDCBA}"
EndProject
Project("{FAE04EC0-301F-11D3-BF4B-00C04F79EFBC}") = "Voxelforge.ElectricPropulsion.StlExporter", "Voxelforge.ElectricPropulsion.StlExporter\Voxelforge.ElectricPropulsion.StlExporter.csproj", "{E4D5E6F7-0819-4A12-D345-6789012DCBA0}"
EndProject
Project("{2150E333-8FDC-42A3-9474-1A3956D46DE8}") = "Marine", "Marine", "{B5E6F708-0920-4B23-E456-7890123EF012}"
EndProject
Project("{2150E333-8FDC-42A3-9474-1A3956D46DE8}") = "Verification", "Verification", "{C1D2E3F4-0516-4C78-B012-3456789ABCDE}"
EndProject
Project("{FAE04EC0-301F-11D3-BF4B-00C04F79EFBC}") = "Voxelforge.Cfd.Core", "Voxelforge.Cfd.Core\Voxelforge.Cfd.Core.csproj", "{C2D3E4F5-0617-4D89-C123-4567890BCDEF}"
EndProject
Project("{FAE04EC0-301F-11D3-BF4B-00C04F79EFBC}") = "Voxelforge.Cfd.Tests", "Voxelforge.Cfd.Tests\Voxelforge.Cfd.Tests.csproj", "{C3D4E5F6-0718-4E90-D234-5678901CDEF0}"
EndProject
Project("{FAE04EC0-301F-11D3-BF4B-00C04F79EFBC}") = "Voxelforge.Marine.Core", "Voxelforge.Marine.Core\Voxelforge.Marine.Core.csproj", "{B1A2B3C4-D5E6-4789-A012-3456789ABCDE}"
EndProject
Project("{FAE04EC0-301F-11D3-BF4B-00C04F79EFBC}") = "Voxelforge.Marine.Tests", "Voxelforge.Marine.Tests\Voxelforge.Marine.Tests.csproj", "{B2B3C4D5-E6F7-4890-B123-4567890BCDEF}"
EndProject
Project("{FAE04EC0-301F-11D3-BF4B-00C04F79EFBC}") = "Voxelforge.Marine.Voxels", "Voxelforge.Marine.Voxels\Voxelforge.Marine.Voxels.csproj", "{B3C4D5E6-F708-4901-C234-5678901CDEF0}"
EndProject
Project("{FAE04EC0-301F-11D3-BF4B-00C04F79EFBC}") = "Voxelforge.Marine.StlExporter", "Voxelforge.Marine.StlExporter\Voxelforge.Marine.StlExporter.csproj", "{B4D5E6F7-0819-4A12-D345-6789012DEF01}"
EndProject
Project("{2150E333-8FDC-42A3-9474-1A3956D46DE8}") = "Nuclear", "Nuclear", "{D0E1F2A3-B4C5-4D67-E890-1234567D0123}"
EndProject
Project("{FAE04EC0-301F-11D3-BF4B-00C04F79EFBC}") = "Voxelforge.Nuclear.Core", "Voxelforge.Nuclear.Core\Voxelforge.Nuclear.Core.csproj", "{D1A2B3C4-D5E6-4789-A012-3456789ABCD1}"
EndProject
Project("{FAE04EC0-301F-11D3-BF4B-00C04F79EFBC}") = "Voxelforge.Nuclear.Tests", "Voxelforge.Nuclear.Tests\Voxelforge.Nuclear.Tests.csproj", "{D2B3C4D5-E6F7-4890-B123-4567890BCDE2}"
EndProject
Project("{FAE04EC0-301F-11D3-BF4B-00C04F79EFBC}") = "Voxelforge.Nuclear.Voxels", "Voxelforge.Nuclear.Voxels\Voxelforge.Nuclear.Voxels.csproj", "{D3C4D5E6-F708-4901-C234-5678901CDEF3}"
EndProject
Project("{FAE04EC0-301F-11D3-BF4B-00C04F79EFBC}") = "Voxelforge.Nuclear.StlExporter", "Voxelforge.Nuclear.StlExporter\Voxelforge.Nuclear.StlExporter.csproj", "{D4D5E6F7-0819-4A12-D345-6789012DEF04}"
EndProject
Project("{FAE04EC0-301F-11D3-BF4B-00C04F79EFBC}") = "Voxelforge.Avalonia", "Voxelforge.Avalonia\Voxelforge.Avalonia.csproj", "{A1B2C3D4-E5F6-4789-A012-3456789ABCD0}"
EndProject
Global
	GlobalSection(SolutionConfigurationPlatforms) = preSolution
		Debug|Any CPU = Debug|Any CPU
		Debug|x64 = Debug|x64
		Debug|x86 = Debug|x86
		Release|Any CPU = Release|Any CPU
		Release|x64 = Release|x64
		Release|x86 = Release|x86
	EndGlobalSection
	GlobalSection(ProjectConfigurationPlatforms) = postSolution
		{8D61AD10-A69E-4671-BFA1-2DC1CF38ECD1}.Debug|Any CPU.ActiveCfg = Debug|Any CPU
		{8D61AD10-A69E-4671-BFA1-2DC1CF38ECD1}.Debug|Any CPU.Build.0 = Debug|Any CPU
		{8D61AD10-A69E-4671-BFA1-2DC1CF38ECD1}.Debug|x64.ActiveCfg = Debug|Any CPU
		{8D61AD10-A69E-4671-BFA1-2DC1CF38ECD1}.Debug|x64.Build.0 = Debug|Any CPU
		{8D61AD10-A69E-4671-BFA1-2DC1CF38ECD1}.Debug|x86.ActiveCfg = Debug|Any CPU
		{8D61AD10-A69E-4671-BFA1-2DC1CF38ECD1}.Debug|x86.Build.0 = Debug|Any CPU
		{8D61AD10-A69E-4671-BFA1-2DC1CF38ECD1}.Release|Any CPU.ActiveCfg = Release|Any CPU
		{8D61AD10-A69E-4671-BFA1-2DC1CF38ECD1}.Release|Any CPU.Build.0 = Release|Any CPU
		{8D61AD10-A69E-4671-BFA1-2DC1CF38ECD1}.Release|x64.ActiveCfg = Release|Any CPU
		{8D61AD10-A69E-4671-BFA1-2DC1CF38ECD1}.Release|x64.Build.0 = Release|Any CPU
		{8D61AD10-A69E-4671-BFA1-2DC1CF38ECD1}.Release|x86.ActiveCfg = Release|Any CPU
		{8D61AD10-A69E-4671-BFA1-2DC1CF38ECD1}.Release|x86.Build.0 = Release|Any CPU
		{B2BE63DE-546B-4CF6-BB7A-2A0B4A2FF42D}.Debug|Any CPU.ActiveCfg = Debug|Any CPU
		{B2BE63DE-546B-4CF6-BB7A-2A0B4A2FF42D}.Debug|Any CPU.Build.0 = Debug|Any CPU
		{B2BE63DE-546B-4CF6-BB7A-2A0B4A2FF42D}.Debug|x64.ActiveCfg = Debug|Any CPU
		{B2BE63DE-546B-4CF6-BB7A-2A0B4A2FF42D}.Debug|x64.Build.0 = Debug|Any CPU
		{B2BE63DE-546B-4CF6-BB7A-2A0B4A2FF42D}.Debug|x86.ActiveCfg = Debug|Any CPU
		{B2BE63DE-546B-4CF6-BB7A-2A0B4A2FF42D}.Debug|x86.Build.0 = Debug|Any CPU
		{B2BE63DE-546B-4CF6-BB7A-2A0B4A2FF42D}.Release|Any CPU.ActiveCfg = Release|Any CPU
		{B2BE63DE-546B-4CF6-BB7A-2A0B4A2FF42D}.Release|Any CPU.Build.0 = Release|Any CPU
		{B2BE63DE-546B-4CF6-BB7A-2A0B4A2FF42D}.Release|x64.ActiveCfg = Release|Any CPU
		{B2BE63DE-546B-4CF6-BB7A-2A0B4A2FF42D}.Release|x64.Build.0 = Release|Any CPU
		{B2BE63DE-546B-4CF6-BB7A-2A0B4A2FF42D}.Release|x86.ActiveCfg = Release|Any CPU
		{B2BE63DE-546B-4CF6-BB7A-2A0B4A2FF42D}.Release|x86.Build.0 = Release|Any CPU
		{B1E892FE-B39B-4CA2-94A3-BC9995BBD36F}.Debug|Any CPU.ActiveCfg = Debug|Any CPU
		{B1E892FE-B39B-4CA2-94A3-BC9995BBD36F}.Debug|Any CPU.Build.0 = Debug|Any CPU
		{B1E892FE-B39B-4CA2-94A3-BC9995BBD36F}.Debug|x64.ActiveCfg = Debug|Any CPU
		{B1E892FE-B39B-4CA2-94A3-BC9995BBD36F}.Debug|x64.Build.0 = Debug|Any CPU
		{B1E892FE-B39B-4CA2-94A3-BC9995BBD36F}.Debug|x86.ActiveCfg = Debug|Any CPU
		{B1E892FE-B39B-4CA2-94A3-BC9995BBD36F}.Debug|x86.Build.0 = Debug|Any CPU
		{B1E892FE-B39B-4CA2-94A3-BC9995BBD36F}.Release|Any CPU.ActiveCfg = Release|Any CPU
		{B1E892FE-B39B-4CA2-94A3-BC9995BBD36F}.Release|Any CPU.Build.0 = Release|Any CPU
		{B1E892FE-B39B-4CA2-94A3-BC9995BBD36F}.Release|x64.ActiveCfg = Release|Any CPU
		{B1E892FE-B39B-4CA2-94A3-BC9995BBD36F}.Release|x64.Build.0 = Release|Any CPU
		{B1E892FE-B39B-4CA2-94A3-BC9995BBD36F}.Release|x86.ActiveCfg = Release|Any CPU
		{B1E892FE-B39B-4CA2-94A3-BC9995BBD36F}.Release|x86.Build.0 = Release|Any CPU
		{C3906123-1987-4A72-8610-B041C5785EF8}.Debug|Any CPU.ActiveCfg = Debug|Any CPU
		{C3906123-1987-4A72-8610-B041C5785EF8}.Debug|Any CPU.Build.0 = Debug|Any CPU
		{C3906123-1987-4A72-8610-B041C5785EF8}.Debug|x64.ActiveCfg = Debug|Any CPU
		{C3906123-1987-4A72-8610-B041C5785EF8}.Debug|x64.Build.0 = Debug|Any CPU
		{C3906123-1987-4A72-8610-B041C5785EF8}.Debug|x86.ActiveCfg = Debug|Any CPU
		{C3906123-1987-4A72-8610-B041C5785EF8}.Debug|x86.Build.0 = Debug|Any CPU
		{C3906123-1987-4A72-8610-B041C5785EF8}.Release|Any CPU.ActiveCfg = Release|Any CPU
		{C3906123-1987-4A72-8610-B041C5785EF8}.Release|Any CPU.Build.0 = Release|Any CPU
		{C3906123-1987-4A72-8610-B041C5785EF8}.Release|x64.ActiveCfg = Release|Any CPU
		{C3906123-1987-4A72-8610-B041C5785EF8}.Release|x64.Build.0 = Release|Any CPU
		{C3906123-1987-4A72-8610-B041C5785EF8}.Release|x86.ActiveCfg = Release|Any CPU
		{C3906123-1987-4A72-8610-B041C5785EF8}.Release|x86.Build.0 = Release|Any CPU
		{A548B775-7F2C-4C23-BFA9-05DFEDE53F16}.Debug|Any CPU.ActiveCfg = Debug|Any CPU
		{A548B775-7F2C-4C23-BFA9-05DFEDE53F16}.Debug|Any CPU.Build.0 = Debug|Any CPU
		{A548B775-7F2C-4C23-BFA9-05DFEDE53F16}.Debug|x64.ActiveCfg = Debug|Any CPU
		{A548B775-7F2C-4C23-BFA9-05DFEDE53F16}.Debug|x64.Build.0 = Debug|Any CPU
		{A548B775-7F2C-4C23-BFA9-05DFEDE53F16}.Debug|x86.ActiveCfg = Debug|Any CPU
		{A548B775-7F2C-4C23-BFA9-05DFEDE53F16}.Debug|x86.Build.0 = Debug|Any CPU
		{A548B775-7F2C-4C23-BFA9-05DFEDE53F16}.Release|Any CPU.ActiveCfg = Release|Any CPU
		{A548B775-7F2C-4C23-BFA9-05DFEDE53F16}.Release|Any CPU.Build.0 = Release|Any CPU
		{A548B775-7F2C-4C23-BFA9-05DFEDE53F16}.Release|x64.ActiveCfg = Release|Any CPU
		{A548B775-7F2C-4C23-BFA9-05DFEDE53F16}.Release|x64.Build.0 = Release|Any CPU
		{A548B775-7F2C-4C23-BFA9-05DFEDE53F16}.Release|x86.ActiveCfg = Release|Any CPU
		{A548B775-7F2C-4C23-BFA9-05DFEDE53F16}.Release|x86.Build.0 = Release|Any CPU
		{21142854-4B09-44C0-87D0-A5DAB5808E43}.Debug|Any CPU.ActiveCfg = Debug|Any CPU
		{21142854-4B09-44C0-87D0-A5DAB5808E43}.Debug|Any CPU.Build.0 = Debug|Any CPU
		{21142854-4B09-44C0-87D0-A5DAB5808E43}.Debug|x64.ActiveCfg = Debug|Any CPU
		{21142854-4B09-44C0-87D0-A5DAB5808E43}.Debug|x64.Build.0 = Debug|Any CPU
		{21142854-4B09-44C0-87D0-A5DAB5808E43}.Debug|x86.ActiveCfg = Debug|Any CPU
		{21142854-4B09-44C0-87D0-A5DAB5808E43}.Debug|x86.Build.0 = Debug|Any CPU
		{21142854-4B09-44C0-87D0-A5DAB5808E43}.Release|Any CPU.ActiveCfg = Release|Any CPU
		{21142854-4B09-44C0-87D0-A5DAB5808E43}.Release|Any CPU.Build.0 = Release|Any CPU
		{21142854-4B09-44C0-87D0-A5DAB5808E43}.Release|x64.ActiveCfg = Release|Any CPU
		{21142854-4B09-44C0-87D0-A5DAB5808E43}.Release|x64.Build.0 = Release|Any CPU
		{21142854-4B09-44C0-87D0-A5DAB5808E43}.Release|x86.ActiveCfg = Release|Any CPU
		{21142854-4B09-44C0-87D0-A5DAB5808E43}.Release|x86.Build.0 = Release|Any CPU
		{B18F4F34-0E7C-428F-9E61-3AB0B8534CDC}.Debug|Any CPU.ActiveCfg = Debug|Any CPU
		{B18F4F34-0E7C-428F-9E61-3AB0B8534CDC}.Debug|Any CPU.Build.0 = Debug|Any CPU
		{B18F4F34-0E7C-428F-9E61-3AB0B8534CDC}.Debug|x64.ActiveCfg = Debug|Any CPU
		{B18F4F34-0E7C-428F-9E61-3AB0B8534CDC}.Debug|x64.Build.0 = Debug|Any CPU
		{B18F4F34-0E7C-428F-9E61-3AB0B8534CDC}.Debug|x86.ActiveCfg = Debug|Any CPU
		{B18F4F34-0E7C-428F-9E61-3AB0B8534CDC}.Debug|x86.Build.0 = Debug|Any CPU
		{B18F4F34-0E7C-428F-9E61-3AB0B8534CDC}.Release|Any CPU.ActiveCfg = Release|Any CPU
		{B18F4F34-0E7C-428F-9E61-3AB0B8534CDC}.Release|Any CPU.Build.0 = Release|Any CPU
		{B18F4F34-0E7C-428F-9E61-3AB0B8534CDC}.Release|x64.ActiveCfg = Release|Any CPU
		{B18F4F34-0E7C-428F-9E61-3AB0B8534CDC}.Release|x64.Build.0 = Release|Any CPU
		{B18F4F34-0E7C-428F-9E61-3AB0B8534CDC}.Release|x86.ActiveCfg = Release|Any CPU
		{B18F4F34-0E7C-428F-9E61-3AB0B8534CDC}.Release|x86.Build.0 = Release|Any CPU
		{FA1361F1-FE34-4727-BB4A-0924A65D0DF1}.Debug|Any CPU.ActiveCfg = Debug|Any CPU
		{FA1361F1-FE34-4727-BB4A-0924A65D0DF1}.Debug|Any CPU.Build.0 = Debug|Any CPU
		{FA1361F1-FE34-4727-BB4A-0924A65D0DF1}.Debug|x64.ActiveCfg = Debug|Any CPU
		{FA1361F1-FE34-4727-BB4A-0924A65D0DF1}.Debug|x64.Build.0 = Debug|Any CPU
		{FA1361F1-FE34-4727-BB4A-0924A65D0DF1}.Debug|x86.ActiveCfg = Debug|Any CPU
		{FA1361F1-FE34-4727-BB4A-0924A65D0DF1}.Debug|x86.Build.0 = Debug|Any CPU
		{FA1361F1-FE34-4727-BB4A-0924A65D0DF1}.Release|Any CPU.ActiveCfg = Release|Any CPU
		{FA1361F1-FE34-4727-BB4A-0924A65D0DF1}.Release|Any CPU.Build.0 = Release|Any CPU
		{FA1361F1-FE34-4727-BB4A-0924A65D0DF1}.Release|x64.ActiveCfg = Release|Any CPU
		{FA1361F1-FE34-4727-BB4A-0924A65D0DF1}.Release|x64.Build.0 = Release|Any CPU
		{FA1361F1-FE34-4727-BB4A-0924A65D0DF1}.Release|x86.ActiveCfg = Release|Any CPU
		{FA1361F1-FE34-4727-BB4A-0924A65D0DF1}.Release|x86.Build.0 = Release|Any CPU
		{CE83C20D-DFEE-4366-A3C5-D96D32F53A6A}.Debug|Any CPU.ActiveCfg = Debug|Any CPU
		{CE83C20D-DFEE-4366-A3C5-D96D32F53A6A}.Debug|Any CPU.Build.0 = Debug|Any CPU
		{CE83C20D-DFEE-4366-A3C5-D96D32F53A6A}.Debug|x64.ActiveCfg = Debug|Any CPU
		{CE83C20D-DFEE-4366-A3C5-D96D32F53A6A}.Debug|x64.Build.0 = Debug|Any CPU
		{CE83C20D-DFEE-4366-A3C5-D96D32F53A6A}.Debug|x86.ActiveCfg = Debug|Any CPU
		{CE83C20D-DFEE-4366-A3C5-D96D32F53A6A}.Debug|x86.Build.0 = Debug|Any CPU
		{CE83C20D-DFEE-4366-A3C5-D96D32F53A6A}.Release|Any CPU.ActiveCfg = Release|Any CPU
		{CE83C20D-DFEE-4366-A3C5-D96D32F53A6A}.Release|Any CPU.Build.0 = Release|Any CPU
		{CE83C20D-DFEE-4366-A3C5-D96D32F53A6A}.Release|x64.ActiveCfg = Release|Any CPU
		{CE83C20D-DFEE-4366-A3C5-D96D32F53A6A}.Release|x64.Build.0 = Release|Any CPU
		{CE83C20D-DFEE-4366-A3C5-D96D32F53A6A}.Release|x86.ActiveCfg = Release|Any CPU
		{CE83C20D-DFEE-4366-A3C5-D96D32F53A6A}.Release|x86.Build.0 = Release|Any CPU
		{01A62372-31E8-4A86-BA61-7BE62C9E71FD}.Debug|Any CPU.ActiveCfg = Debug|Any CPU
		{01A62372-31E8-4A86-BA61-7BE62C9E71FD}.Debug|Any CPU.Build.0 = Debug|Any CPU
		{01A62372-31E8-4A86-BA61-7BE62C9E71FD}.Debug|x64.ActiveCfg = Debug|Any CPU
		{01A62372-31E8-4A86-BA61-7BE62C9E71FD}.Debug|x64.Build.0 = Debug|Any CPU
		{01A62372-31E8-4A86-BA61-7BE62C9E71FD}.Debug|x86.ActiveCfg = Debug|Any CPU
		{01A62372-31E8-4A86-BA61-7BE62C9E71FD}.Debug|x86.Build.0 = Debug|Any CPU
		{01A62372-31E8-4A86-BA61-7BE62C9E71FD}.Release|Any CPU.ActiveCfg = Release|Any CPU
		{01A62372-31E8-4A86-BA61-7BE62C9E71FD}.Release|Any CPU.Build.0 = Release|Any CPU
		{01A62372-31E8-4A86-BA61-7BE62C9E71FD}.Release|x64.ActiveCfg = Release|Any CPU
		{01A62372-31E8-4A86-BA61-7BE62C9E71FD}.Release|x64.Build.0 = Release|Any CPU
		{01A62372-31E8-4A86-BA61-7BE62C9E71FD}.Release|x86.ActiveCfg = Release|Any CPU
		{01A62372-31E8-4A86-BA61-7BE62C9E71FD}.Release|x86.Build.0 = Release|Any CPU
		{26DB91D9-24AB-42E3-B127-BA70F52FB541}.Debug|Any CPU.ActiveCfg = Debug|Any CPU
		{26DB91D9-24AB-42E3-B127-BA70F52FB541}.Debug|Any CPU.Build.0 = Debug|Any CPU
		{26DB91D9-24AB-42E3-B127-BA70F52FB541}.Debug|x64.ActiveCfg = Debug|Any CPU
		{26DB91D9-24AB-42E3-B127-BA70F52FB541}.Debug|x64.Build.0 = Debug|Any CPU
		{26DB91D9-24AB-42E3-B127-BA70F52FB541}.Debug|x86.ActiveCfg = Debug|Any CPU
		{26DB91D9-24AB-42E3-B127-BA70F52FB541}.Debug|x86.Build.0 = Debug|Any CPU
		{26DB91D9-24AB-42E3-B127-BA70F52FB541}.Release|Any CPU.ActiveCfg = Release|Any CPU
		{26DB91D9-24AB-42E3-B127-BA70F52FB541}.Release|Any CPU.Build.0 = Release|Any CPU
		{26DB91D9-24AB-42E3-B127-BA70F52FB541}.Release|x64.ActiveCfg = Release|Any CPU
		{26DB91D9-24AB-42E3-B127-BA70F52FB541}.Release|x64.Build.0 = Release|Any CPU
		{26DB91D9-24AB-42E3-B127-BA70F52FB541}.Release|x86.ActiveCfg = Release|Any CPU
		{26DB91D9-24AB-42E3-B127-BA70F52FB541}.Release|x86.Build.0 = Release|Any CPU
		{DA92B7A7-8B9C-4F0E-96FB-54F488161382}.Debug|Any CPU.ActiveCfg = Debug|Any CPU
		{DA92B7A7-8B9C-4F0E-96FB-54F488161382}.Debug|Any CPU.Build.0 = Debug|Any CPU
		{DA92B7A7-8B9C-4F0E-96FB-54F488161382}.Debug|x64.ActiveCfg = Debug|Any CPU
		{DA92B7A7-8B9C-4F0E-96FB-54F488161382}.Debug|x64.Build.0 = Debug|Any CPU
		{DA92B7A7-8B9C-4F0E-96FB-54F488161382}.Debug|x86.ActiveCfg = Debug|Any CPU
		{DA92B7A7-8B9C-4F0E-96FB-54F488161382}.Debug|x86.Build.0 = Debug|Any CPU
		{DA92B7A7-8B9C-4F0E-96FB-54F488161382}.Release|Any CPU.ActiveCfg = Release|Any CPU
		{DA92B7A7-8B9C-4F0E-96FB-54F488161382}.Release|Any CPU.Build.0 = Release|Any CPU
		{DA92B7A7-8B9C-4F0E-96FB-54F488161382}.Release|x64.ActiveCfg = Release|Any CPU
		{DA92B7A7-8B9C-4F0E-96FB-54F488161382}.Release|x64.Build.0 = Release|Any CPU
		{DA92B7A7-8B9C-4F0E-96FB-54F488161382}.Release|x86.ActiveCfg = Release|Any CPU
		{DA92B7A7-8B9C-4F0E-96FB-54F488161382}.Release|x86.Build.0 = Release|Any CPU
		{F1A2B3C4-D5E6-4789-A012-3456789ABCDE}.Debug|Any CPU.ActiveCfg = Debug|Any CPU
		{F1A2B3C4-D5E6-4789-A012-3456789ABCDE}.Debug|Any CPU.Build.0 = Debug|Any CPU
		{F1A2B3C4-D5E6-4789-A012-3456789ABCDE}.Debug|x64.ActiveCfg = Debug|Any CPU
		{F1A2B3C4-D5E6-4789-A012-3456789ABCDE}.Debug|x64.Build.0 = Debug|Any CPU
		{F1A2B3C4-D5E6-4789-A012-3456789ABCDE}.Debug|x86.ActiveCfg = Debug|Any CPU
		{F1A2B3C4-D5E6-4789-A012-3456789ABCDE}.Debug|x86.Build.0 = Debug|Any CPU
		{F1A2B3C4-D5E6-4789-A012-3456789ABCDE}.Release|Any CPU.ActiveCfg = Release|Any CPU
		{F1A2B3C4-D5E6-4789-A012-3456789ABCDE}.Release|Any CPU.Build.0 = Release|Any CPU
		{F1A2B3C4-D5E6-4789-A012-3456789ABCDE}.Release|x64.ActiveCfg = Release|Any CPU
		{F1A2B3C4-D5E6-4789-A012-3456789ABCDE}.Release|x64.Build.0 = Release|Any CPU
		{F1A2B3C4-D5E6-4789-A012-3456789ABCDE}.Release|x86.ActiveCfg = Release|Any CPU
		{F1A2B3C4-D5E6-4789-A012-3456789ABCDE}.Release|x86.Build.0 = Release|Any CPU
		{F2B3C4D5-E6F7-4890-B123-4567890BCDEF}.Debug|Any CPU.ActiveCfg = Debug|Any CPU
		{F2B3C4D5-E6F7-4890-B123-4567890BCDEF}.Debug|Any CPU.Build.0 = Debug|Any CPU
		{F2B3C4D5-E6F7-4890-B123-4567890BCDEF}.Debug|x64.ActiveCfg = Debug|Any CPU
		{F2B3C4D5-E6F7-4890-B123-4567890BCDEF}.Debug|x64.Build.0 = Debug|Any CPU
		{F2B3C4D5-E6F7-4890-B123-4567890BCDEF}.Debug|x86.ActiveCfg = Debug|Any CPU
		{F2B3C4D5-E6F7-4890-B123-4567890BCDEF}.Debug|x86.Build.0 = Debug|Any CPU
		{F2B3C4D5-E6F7-4890-B123-4567890BCDEF}.Release|Any CPU.ActiveCfg = Release|Any CPU
		{F2B3C4D5-E6F7-4890-B123-4567890BCDEF}.Release|Any CPU.Build.0 = Release|Any CPU
		{F2B3C4D5-E6F7-4890-B123-4567890BCDEF}.Release|x64.ActiveCfg = Release|Any CPU
		{F2B3C4D5-E6F7-4890-B123-4567890BCDEF}.Release|x64.Build.0 = Release|Any CPU
		{F2B3C4D5-E6F7-4890-B123-4567890BCDEF}.Release|x86.ActiveCfg = Release|Any CPU
		{F2B3C4D5-E6F7-4890-B123-4567890BCDEF}.Release|x86.Build.0 = Release|Any CPU
		{F3C4D5E6-F708-4901-C234-5678901CDEF0}.Debug|Any CPU.ActiveCfg = Debug|Any CPU
		{F3C4D5E6-F708-4901-C234-5678901CDEF0}.Debug|Any CPU.Build.0 = Debug|Any CPU
		{F3C4D5E6-F708-4901-C234-5678901CDEF0}.Debug|x64.ActiveCfg = Debug|Any CPU
		{F3C4D5E6-F708-4901-C234-5678901CDEF0}.Debug|x64.Build.0 = Debug|Any CPU
		{F3C4D5E6-F708-4901-C234-5678901CDEF0}.Debug|x86.ActiveCfg = Debug|Any CPU
		{F3C4D5E6-F708-4901-C234-5678901CDEF0}.Debug|x86.Build.0 = Debug|Any CPU
		{F3C4D5E6-F708-4901-C234-5678901CDEF0}.Release|Any CPU.ActiveCfg = Release|Any CPU
		{F3C4D5E6-F708-4901-C234-5678901CDEF0}.Release|Any CPU.Build.0 = Release|Any CPU
		{F3C4D5E6-F708-4901-C234-5678901CDEF0}.Release|x64.ActiveCfg = Release|Any CPU
		{F3C4D5E6-F708-4901-C234-5678901CDEF0}.Release|x64.Build.0 = Release|Any CPU
		{F3C4D5E6-F708-4901-C234-5678901CDEF0}.Release|x86.ActiveCfg = Release|Any CPU
		{F3C4D5E6-F708-4901-C234-5678901CDEF0}.Release|x86.Build.0 = Release|Any CPU
		{F4D5E6F7-0819-4A12-D345-6789012DEF01}.Debug|Any CPU.ActiveCfg = Debug|Any CPU
		{F4D5E6F7-0819-4A12-D345-6789012DEF01}.Debug|Any CPU.Build.0 = Debug|Any CPU
		{F4D5E6F7-0819-4A12-D345-6789012DEF01}.Debug|x64.ActiveCfg = Debug|Any CPU
		{F4D5E6F7-0819-4A12-D345-6789012DEF01}.Debug|x64.Build.0 = Debug|Any CPU
		{F4D5E6F7-0819-4A12-D345-6789012DEF01}.Debug|x86.ActiveCfg = Debug|Any CPU
		{F4D5E6F7-0819-4A12-D345-6789012DEF01}.Debug|x86.Build.0 = Debug|Any CPU
		{F4D5E6F7-0819-4A12-D345-6789012DEF01}.Release|Any CPU.ActiveCfg = Release|Any CPU
		{F4D5E6F7-0819-4A12-D345-6789012DEF01}.Release|Any CPU.Build.0 = Release|Any CPU
		{F4D5E6F7-0819-4A12-D345-6789012DEF01}.Release|x64.ActiveCfg = Release|Any CPU
		{F4D5E6F7-0819-4A12-D345-6789012DEF01}.Release|x64.Build.0 = Release|Any CPU
		{F4D5E6F7-0819-4A12-D345-6789012DEF01}.Release|x86.ActiveCfg = Release|Any CPU
		{F4D5E6F7-0819-4A12-D345-6789012DEF01}.Release|x86.Build.0 = Release|Any CPU
		{B1A2B3C4-D5E6-4789-A012-3456789ABCDE}.Debug|Any CPU.ActiveCfg = Debug|Any CPU
		{B1A2B3C4-D5E6-4789-A012-3456789ABCDE}.Debug|Any CPU.Build.0 = Debug|Any CPU
		{B1A2B3C4-D5E6-4789-A012-3456789ABCDE}.Debug|x64.ActiveCfg = Debug|Any CPU
		{B1A2B3C4-D5E6-4789-A012-3456789ABCDE}.Debug|x64.Build.0 = Debug|Any CPU
		{B1A2B3C4-D5E6-4789-A012-3456789ABCDE}.Debug|x86.ActiveCfg = Debug|Any CPU
		{B1A2B3C4-D5E6-4789-A012-3456789ABCDE}.Debug|x86.Build.0 = Debug|Any CPU
		{B1A2B3C4-D5E6-4789-A012-3456789ABCDE}.Release|Any CPU.ActiveCfg = Release|Any CPU
		{B1A2B3C4-D5E6-4789-A012-3456789ABCDE}.Release|Any CPU.Build.0 = Release|Any CPU
		{B1A2B3C4-D5E6-4789-A012-3456789ABCDE}.Release|x64.ActiveCfg = Release|Any CPU
		{B1A2B3C4-D5E6-4789-A012-3456789ABCDE}.Release|x64.Build.0 = Release|Any CPU
		{B1A2B3C4-D5E6-4789-A012-3456789ABCDE}.Release|x86.ActiveCfg = Release|Any CPU
		{B1A2B3C4-D5E6-4789-A012-3456789ABCDE}.Release|x86.Build.0 = Release|Any CPU
		{B2B3C4D5-E6F7-4890-B123-4567890BCDEF}.Debug|Any CPU.ActiveCfg = Debug|Any CPU
		{B2B3C4D5-E6F7-4890-B123-4567890BCDEF}.Debug|Any CPU.Build.0 = Debug|Any CPU
		{B2B3C4D5-E6F7-4890-B123-4567890BCDEF}.Debug|x64.ActiveCfg = Debug|Any CPU
		{B2B3C4D5-E6F7-4890-B123-4567890BCDEF}.Debug|x64.Build.0 = Debug|Any CPU
		{B2B3C4D5-E6F7-4890-B123-4567890BCDEF}.Debug|x86.ActiveCfg = Debug|Any CPU
		{B2B3C4D5-E6F7-4890-B123-4567890BCDEF}.Debug|x86.Build.0 = Debug|Any CPU
		{B2B3C4D5-E6F7-4890-B123-4567890BCDEF}.Release|Any CPU.ActiveCfg = Release|Any CPU
		{B2B3C4D5-E6F7-4890-B123-4567890BCDEF}.Release|Any CPU.Build.0 = Release|Any CPU
		{B2B3C4D5-E6F7-4890-B123-4567890BCDEF}.Release|x64.ActiveCfg = Release|Any CPU
		{B2B3C4D5-E6F7-4890-B123-4567890BCDEF}.Release|x64.Build.0 = Release|Any CPU
		{B2B3C4D5-E6F7-4890-B123-4567890BCDEF}.Release|x86.ActiveCfg = Release|Any CPU
		{B2B3C4D5-E6F7-4890-B123-4567890BCDEF}.Release|x86.Build.0 = Release|Any CPU
		{B3C4D5E6-F708-4901-C234-5678901CDEF0}.Debug|Any CPU.ActiveCfg = Debug|Any CPU
		{B3C4D5E6-F708-4901-C234-5678901CDEF0}.Debug|Any CPU.Build.0 = Debug|Any CPU
		{B3C4D5E6-F708-4901-C234-5678901CDEF0}.Debug|x64.ActiveCfg = Debug|Any CPU
		{B3C4D5E6-F708-4901-C234-5678901CDEF0}.Debug|x64.Build.0 = Debug|Any CPU
		{B3C4D5E6-F708-4901-C234-5678901CDEF0}.Debug|x86.ActiveCfg = Debug|Any CPU
		{B3C4D5E6-F708-4901-C234-5678901CDEF0}.Debug|x86.Build.0 = Debug|Any CPU
		{B3C4D5E6-F708-4901-C234-5678901CDEF0}.Release|Any CPU.ActiveCfg = Release|Any CPU
		{B3C4D5E6-F708-4901-C234-5678901CDEF0}.Release|Any CPU.Build.0 = Release|Any CPU
		{B3C4D5E6-F708-4901-C234-5678901CDEF0}.Release|x64.ActiveCfg = Release|Any CPU
		{B3C4D5E6-F708-4901-C234-5678901CDEF0}.Release|x64.Build.0 = Release|Any CPU
		{B3C4D5E6-F708-4901-C234-5678901CDEF0}.Release|x86.ActiveCfg = Release|Any CPU
		{B3C4D5E6-F708-4901-C234-5678901CDEF0}.Release|x86.Build.0 = Release|Any CPU
		{B4D5E6F7-0819-4A12-D345-6789012DEF01}.Debug|Any CPU.ActiveCfg = Debug|Any CPU
		{B4D5E6F7-0819-4A12-D345-6789012DEF01}.Debug|Any CPU.Build.0 = Debug|Any CPU
		{B4D5E6F7-0819-4A12-D345-6789012DEF01}.Debug|x64.ActiveCfg = Debug|Any CPU
		{B4D5E6F7-0819-4A12-D345-6789012DEF01}.Debug|x64.Build.0 = Debug|Any CPU
		{B4D5E6F7-0819-4A12-D345-6789012DEF01}.Debug|x86.ActiveCfg = Debug|Any CPU
		{B4D5E6F7-0819-4A12-D345-6789012DEF01}.Debug|x86.Build.0 = Debug|Any CPU
		{B4D5E6F7-0819-4A12-D345-6789012DEF01}.Release|Any CPU.ActiveCfg = Release|Any CPU
		{B4D5E6F7-0819-4A12-D345-6789012DEF01}.Release|Any CPU.Build.0 = Release|Any CPU
		{B4D5E6F7-0819-4A12-D345-6789012DEF01}.Release|x64.ActiveCfg = Release|Any CPU
		{B4D5E6F7-0819-4A12-D345-6789012DEF01}.Release|x64.Build.0 = Release|Any CPU
		{B4D5E6F7-0819-4A12-D345-6789012DEF01}.Release|x86.ActiveCfg = Release|Any CPU
		{B4D5E6F7-0819-4A12-D345-6789012DEF01}.Release|x86.Build.0 = Release|Any CPU
		{D1A2B3C4-D5E6-4789-A012-3456789ABCD1}.Debug|Any CPU.ActiveCfg = Debug|Any CPU
		{D1A2B3C4-D5E6-4789-A012-3456789ABCD1}.Debug|Any CPU.Build.0 = Debug|Any CPU
		{D1A2B3C4-D5E6-4789-A012-3456789ABCD1}.Debug|x64.ActiveCfg = Debug|Any CPU
		{D1A2B3C4-D5E6-4789-A012-3456789ABCD1}.Debug|x64.Build.0 = Debug|Any CPU
		{D1A2B3C4-D5E6-4789-A012-3456789ABCD1}.Debug|x86.ActiveCfg = Debug|Any CPU
		{D1A2B3C4-D5E6-4789-A012-3456789ABCD1}.Debug|x86.Build.0 = Debug|Any CPU
		{D1A2B3C4-D5E6-4789-A012-3456789ABCD1}.Release|Any CPU.ActiveCfg = Release|Any CPU
		{D1A2B3C4-D5E6-4789-A012-3456789ABCD1}.Release|Any CPU.Build.0 = Release|Any CPU
		{D1A2B3C4-D5E6-4789-A012-3456789ABCD1}.Release|x64.ActiveCfg = Release|Any CPU
		{D1A2B3C4-D5E6-4789-A012-3456789ABCD1}.Release|x64.Build.0 = Release|Any CPU
		{D1A2B3C4-D5E6-4789-A012-3456789ABCD1}.Release|x86.ActiveCfg = Release|Any CPU
		{D1A2B3C4-D5E6-4789-A012-3456789ABCD1}.Release|x86.Build.0 = Release|Any CPU
		{D2B3C4D5-E6F7-4890-B123-4567890BCDE2}.Debug|Any CPU.ActiveCfg = Debug|Any CPU
		{D2B3C4D5-E6F7-4890-B123-4567890BCDE2}.Debug|Any CPU.Build.0 = Debug|Any CPU
		{D2B3C4D5-E6F7-4890-B123-4567890BCDE2}.Debug|x64.ActiveCfg = Debug|Any CPU
		{D2B3C4D5-E6F7-4890-B123-4567890BCDE2}.Debug|x64.Build.0 = Debug|Any CPU
		{D2B3C4D5-E6F7-4890-B123-4567890BCDE2}.Debug|x86.ActiveCfg = Debug|Any CPU
		{D2B3C4D5-E6F7-4890-B123-4567890BCDE2}.Debug|x86.Build.0 = Debug|Any CPU
		{D2B3C4D5-E6F7-4890-B123-4567890BCDE2}.Release|Any CPU.ActiveCfg = Release|Any CPU
		{D2B3C4D5-E6F7-4890-B123-4567890BCDE2}.Release|Any CPU.Build.0 = Release|Any CPU
		{D2B3C4D5-E6F7-4890-B123-4567890BCDE2}.Release|x64.ActiveCfg = Release|Any CPU
		{D2B3C4D5-E6F7-4890-B123-4567890BCDE2}.Release|x64.Build.0 = Release|Any CPU
		{D2B3C4D5-E6F7-4890-B123-4567890BCDE2}.Release|x86.ActiveCfg = Release|Any CPU
		{D2B3C4D5-E6F7-4890-B123-4567890BCDE2}.Release|x86.Build.0 = Release|Any CPU
		{D3C4D5E6-F708-4901-C234-5678901CDEF3}.Debug|Any CPU.ActiveCfg = Debug|Any CPU
		{D3C4D5E6-F708-4901-C234-5678901CDEF3}.Debug|Any CPU.Build.0 = Debug|Any CPU
		{D3C4D5E6-F708-4901-C234-5678901CDEF3}.Debug|x64.ActiveCfg = Debug|Any CPU
		{D3C4D5E6-F708-4901-C234-5678901CDEF3}.Debug|x64.Build.0 = Debug|Any CPU
		{D3C4D5E6-F708-4901-C234-5678901CDEF3}.Debug|x86.ActiveCfg = Debug|Any CPU
		{D3C4D5E6-F708-4901-C234-5678901CDEF3}.Debug|x86.Build.0 = Debug|Any CPU
		{D3C4D5E6-F708-4901-C234-5678901CDEF3}.Release|Any CPU.ActiveCfg = Release|Any CPU
		{D3C4D5E6-F708-4901-C234-5678901CDEF3}.Release|Any CPU.Build.0 = Release|Any CPU
		{D3C4D5E6-F708-4901-C234-5678901CDEF3}.Release|x64.ActiveCfg = Release|Any CPU
		{D3C4D5E6-F708-4901-C234-5678901CDEF3}.Release|x64.Build.0 = Release|Any CPU
		{D3C4D5E6-F708-4901-C234-5678901CDEF3}.Release|x86.ActiveCfg = Release|Any CPU
		{D3C4D5E6-F708-4901-C234-5678901CDEF3}.Release|x86.Build.0 = Release|Any CPU
		{D4D5E6F7-0819-4A12-D345-6789012DEF04}.Debug|Any CPU.ActiveCfg = Debug|Any CPU
		{D4D5E6F7-0819-4A12-D345-6789012DEF04}.Debug|Any CPU.Build.0 = Debug|Any CPU
		{D4D5E6F7-0819-4A12-D345-6789012DEF04}.Debug|x64.ActiveCfg = Debug|Any CPU
		{D4D5E6F7-0819-4A12-D345-6789012DEF04}.Debug|x64.Build.0 = Debug|Any CPU
		{D4D5E6F7-0819-4A12-D345-6789012DEF04}.Debug|x86.ActiveCfg = Debug|Any CPU
		{D4D5E6F7-0819-4A12-D345-6789012DEF04}.Debug|x86.Build.0 = Debug|Any CPU
		{D4D5E6F7-0819-4A12-D345-6789012DEF04}.Release|Any CPU.ActiveCfg = Release|Any CPU
		{D4D5E6F7-0819-4A12-D345-6789012DEF04}.Release|Any CPU.Build.0 = Release|Any CPU
		{D4D5E6F7-0819-4A12-D345-6789012DEF04}.Release|x64.ActiveCfg = Release|Any CPU
		{D4D5E6F7-0819-4A12-D345-6789012DEF04}.Release|x64.Build.0 = Release|Any CPU
		{D4D5E6F7-0819-4A12-D345-6789012DEF04}.Release|x86.ActiveCfg = Release|Any CPU
		{D4D5E6F7-0819-4A12-D345-6789012DEF04}.Release|x86.Build.0 = Release|Any CPU
		{E1A2B3C4-D5E6-4789-A012-3456789EFEDA}.Debug|Any CPU.ActiveCfg = Debug|Any CPU
		{E1A2B3C4-D5E6-4789-A012-3456789EFEDA}.Debug|Any CPU.Build.0 = Debug|Any CPU
		{E1A2B3C4-D5E6-4789-A012-3456789EFEDA}.Debug|x64.ActiveCfg = Debug|Any CPU
		{E1A2B3C4-D5E6-4789-A012-3456789EFEDA}.Debug|x64.Build.0 = Debug|Any CPU
		{E1A2B3C4-D5E6-4789-A012-3456789EFEDA}.Debug|x86.ActiveCfg = Debug|Any CPU
		{E1A2B3C4-D5E6-4789-A012-3456789EFEDA}.Debug|x86.Build.0 = Debug|Any CPU
		{E1A2B3C4-D5E6-4789-A012-3456789EFEDA}.Release|Any CPU.ActiveCfg = Release|Any CPU
		{E1A2B3C4-D5E6-4789-A012-3456789EFEDA}.Release|Any CPU.Build.0 = Release|Any CPU
		{E1A2B3C4-D5E6-4789-A012-3456789EFEDA}.Release|x64.ActiveCfg = Release|Any CPU
		{E1A2B3C4-D5E6-4789-A012-3456789EFEDA}.Release|x64.Build.0 = Release|Any CPU
		{E1A2B3C4-D5E6-4789-A012-3456789EFEDA}.Release|x86.ActiveCfg = Release|Any CPU
		{E1A2B3C4-D5E6-4789-A012-3456789EFEDA}.Release|x86.Build.0 = Release|Any CPU
		{E2B3C4D5-E6F7-4890-B123-4567890FEDCB}.Debug|Any CPU.ActiveCfg = Debug|Any CPU
		{E2B3C4D5-E6F7-4890-B123-4567890FEDCB}.Debug|Any CPU.Build.0 = Debug|Any CPU
		{E2B3C4D5-E6F7-4890-B123-4567890FEDCB}.Debug|x64.ActiveCfg = Debug|Any CPU
		{E2B3C4D5-E6F7-4890-B123-4567890FEDCB}.Debug|x64.Build.0 = Debug|Any CPU
		{E2B3C4D5-E6F7-4890-B123-4567890FEDCB}.Debug|x86.ActiveCfg = Debug|Any CPU
		{E2B3C4D5-E6F7-4890-B123-4567890FEDCB}.Debug|x86.Build.0 = Debug|Any CPU
		{E2B3C4D5-E6F7-4890-B123-4567890FEDCB}.Release|Any CPU.ActiveCfg = Release|Any CPU
		{E2B3C4D5-E6F7-4890-B123-4567890FEDCB}.Release|Any CPU.Build.0 = Release|Any CPU
		{E2B3C4D5-E6F7-4890-B123-4567890FEDCB}.Release|x64.ActiveCfg = Release|Any CPU
		{E2B3C4D5-E6F7-4890-B123-4567890FEDCB}.Release|x64.Build.0 = Release|Any CPU
		{E2B3C4D5-E6F7-4890-B123-4567890FEDCB}.Release|x86.ActiveCfg = Release|Any CPU
		{E2B3C4D5-E6F7-4890-B123-4567890FEDCB}.Release|x86.Build.0 = Release|Any CPU
		{E3C4D5E6-F708-4901-C234-5678901EDCBA}.Debug|Any CPU.ActiveCfg = Debug|Any CPU
		{E3C4D5E6-F708-4901-C234-5678901EDCBA}.Debug|Any CPU.Build.0 = Debug|Any CPU
		{E3C4D5E6-F708-4901-C234-5678901EDCBA}.Debug|x64.ActiveCfg = Debug|Any CPU
		{E3C4D5E6-F708-4901-C234-5678901EDCBA}.Debug|x64.Build.0 = Debug|Any CPU
		{E3C4D5E6-F708-4901-C234-5678901EDCBA}.Debug|x86.ActiveCfg = Debug|Any CPU
		{E3C4D5E6-F708-4901-C234-5678901EDCBA}.Debug|x86.Build.0 = Debug|Any CPU
		{E3C4D5E6-F708-4901-C234-5678901EDCBA}.Release|Any CPU.ActiveCfg = Release|Any CPU
		{E3C4D5E6-F708-4901-C234-5678901EDCBA}.Release|Any CPU.Build.0 = Release|Any CPU
		{E3C4D5E6-F708-4901-C234-5678901EDCBA}.Release|x64.ActiveCfg = Release|Any CPU
		{E3C4D5E6-F708-4901-C234-5678901EDCBA}.Release|x64.Build.0 = Release|Any CPU
		{E3C4D5E6-F708-4901-C234-5678901EDCBA}.Release|x86.ActiveCfg = Release|Any CPU
		{E3C4D5E6-F708-4901-C234-5678901EDCBA}.Release|x86.Build.0 = Release|Any CPU
		{E4D5E6F7-0819-4A12-D345-6789012DCBA0}.Debug|Any CPU.ActiveCfg = Debug|Any CPU
		{E4D5E6F7-0819-4A12-D345-6789012DCBA0}.Debug|Any CPU.Build.0 = Debug|Any CPU
		{E4D5E6F7-0819-4A12-D345-6789012DCBA0}.Debug|x64.ActiveCfg = Debug|Any CPU
		{E4D5E6F7-0819-4A12-D345-6789012DCBA0}.Debug|x64.Build.0 = Debug|Any CPU
		{E4D5E6F7-0819-4A12-D345-6789012DCBA0}.Debug|x86.ActiveCfg = Debug|Any CPU
		{E4D5E6F7-0819-4A12-D345-6789012DCBA0}.Debug|x86.Build.0 = Debug|Any CPU
		{E4D5E6F7-0819-4A12-D345-6789012DCBA0}.Release|Any CPU.ActiveCfg = Release|Any CPU
		{E4D5E6F7-0819-4A12-D345-6789012DCBA0}.Release|Any CPU.Build.0 = Release|Any CPU
		{E4D5E6F7-0819-4A12-D345-6789012DCBA0}.Release|x64.ActiveCfg = Release|Any CPU
		{E4D5E6F7-0819-4A12-D345-6789012DCBA0}.Release|x64.Build.0 = Release|Any CPU
		{E4D5E6F7-0819-4A12-D345-6789012DCBA0}.Release|x86.ActiveCfg = Release|Any CPU
		{E4D5E6F7-0819-4A12-D345-6789012DCBA0}.Release|x86.Build.0 = Release|Any CPU
		{C2D3E4F5-0617-4D89-C123-4567890BCDEF}.Debug|Any CPU.ActiveCfg = Debug|Any CPU
		{C2D3E4F5-0617-4D89-C123-4567890BCDEF}.Debug|Any CPU.Build.0 = Debug|Any CPU
		{C2D3E4F5-0617-4D89-C123-4567890BCDEF}.Debug|x64.ActiveCfg = Debug|Any CPU
		{C2D3E4F5-0617-4D89-C123-4567890BCDEF}.Debug|x64.Build.0 = Debug|Any CPU
		{C2D3E4F5-0617-4D89-C123-4567890BCDEF}.Debug|x86.ActiveCfg = Debug|Any CPU
		{C2D3E4F5-0617-4D89-C123-4567890BCDEF}.Debug|x86.Build.0 = Debug|Any CPU
		{C2D3E4F5-0617-4D89-C123-4567890BCDEF}.Release|Any CPU.ActiveCfg = Release|Any CPU
		{C2D3E4F5-0617-4D89-C123-4567890BCDEF}.Release|Any CPU.Build.0 = Release|Any CPU
		{C2D3E4F5-0617-4D89-C123-4567890BCDEF}.Release|x64.ActiveCfg = Release|Any CPU
		{C2D3E4F5-0617-4D89-C123-4567890BCDEF}.Release|x64.Build.0 = Release|Any CPU
		{C2D3E4F5-0617-4D89-C123-4567890BCDEF}.Release|x86.ActiveCfg = Release|Any CPU
		{C2D3E4F5-0617-4D89-C123-4567890BCDEF}.Release|x86.Build.0 = Release|Any CPU
		{C3D4E5F6-0718-4E90-D234-5678901CDEF0}.Debug|Any CPU.ActiveCfg = Debug|Any CPU
		{C3D4E5F6-0718-4E90-D234-5678901CDEF0}.Debug|Any CPU.Build.0 = Debug|Any CPU
		{C3D4E5F6-0718-4E90-D234-5678901CDEF0}.Debug|x64.ActiveCfg = Debug|Any CPU
		{C3D4E5F6-0718-4E90-D234-5678901CDEF0}.Debug|x64.Build.0 = Debug|Any CPU
		{C3D4E5F6-0718-4E90-D234-5678901CDEF0}.Debug|x86.ActiveCfg = Debug|Any CPU
		{C3D4E5F6-0718-4E90-D234-5678901CDEF0}.Debug|x86.Build.0 = Debug|Any CPU
		{C3D4E5F6-0718-4E90-D234-5678901CDEF0}.Release|Any CPU.ActiveCfg = Release|Any CPU
		{C3D4E5F6-0718-4E90-D234-5678901CDEF0}.Release|Any CPU.Build.0 = Release|Any CPU
		{C3D4E5F6-0718-4E90-D234-5678901CDEF0}.Release|x64.ActiveCfg = Release|Any CPU
		{C3D4E5F6-0718-4E90-D234-5678901CDEF0}.Release|x64.Build.0 = Release|Any CPU
		{C3D4E5F6-0718-4E90-D234-5678901CDEF0}.Release|x86.ActiveCfg = Release|Any CPU
		{C3D4E5F6-0718-4E90-D234-5678901CDEF0}.Release|x86.Build.0 = Release|Any CPU
		{A1B2C3D4-E5F6-4789-A012-3456789ABCD0}.Debug|Any CPU.ActiveCfg = Debug|Any CPU
		{A1B2C3D4-E5F6-4789-A012-3456789ABCD0}.Debug|Any CPU.Build.0 = Debug|Any CPU
		{A1B2C3D4-E5F6-4789-A012-3456789ABCD0}.Debug|x64.ActiveCfg = Debug|Any CPU
		{A1B2C3D4-E5F6-4789-A012-3456789ABCD0}.Debug|x64.Build.0 = Debug|Any CPU
		{A1B2C3D4-E5F6-4789-A012-3456789ABCD0}.Debug|x86.ActiveCfg = Debug|Any CPU
		{A1B2C3D4-E5F6-4789-A012-3456789ABCD0}.Debug|x86.Build.0 = Debug|Any CPU
		{A1B2C3D4-E5F6-4789-A012-3456789ABCD0}.Release|Any CPU.ActiveCfg = Release|Any CPU
		{A1B2C3D4-E5F6-4789-A012-3456789ABCD0}.Release|Any CPU.Build.0 = Release|Any CPU
		{A1B2C3D4-E5F6-4789-A012-3456789ABCD0}.Release|x64.ActiveCfg = Release|Any CPU
		{A1B2C3D4-E5F6-4789-A012-3456789ABCD0}.Release|x64.Build.0 = Release|Any CPU
		{A1B2C3D4-E5F6-4789-A012-3456789ABCD0}.Release|x86.ActiveCfg = Release|Any CPU
		{A1B2C3D4-E5F6-4789-A012-3456789ABCD0}.Release|x86.Build.0 = Release|Any CPU
	EndGlobalSection
	GlobalSection(SolutionProperties) = preSolution
		HideSolutionNode = FALSE
	EndGlobalSection
	GlobalSection(NestedProjects) = preSolution
		{26DB91D9-24AB-42E3-B127-BA70F52FB541} = {502C65A4-354A-6494-D4A8-ADDDDEFD4B4A}
		{B1A2B3C4-D5E6-4789-A012-3456789ABCDE} = {B5E6F708-0920-4B23-E456-7890123EF012}
		{B2B3C4D5-E6F7-4890-B123-4567890BCDEF} = {B5E6F708-0920-4B23-E456-7890123EF012}
		{B3C4D5E6-F708-4901-C234-5678901CDEF0} = {B5E6F708-0920-4B23-E456-7890123EF012}
		{B4D5E6F7-0819-4A12-D345-6789012DEF01} = {B5E6F708-0920-4B23-E456-7890123EF012}
		{D1A2B3C4-D5E6-4789-A012-3456789ABCD1} = {D0E1F2A3-B4C5-4D67-E890-1234567D0123}
		{D2B3C4D5-E6F7-4890-B123-4567890BCDE2} = {D0E1F2A3-B4C5-4D67-E890-1234567D0123}
		{D3C4D5E6-F708-4901-C234-5678901CDEF3} = {D0E1F2A3-B4C5-4D67-E890-1234567D0123}
		{D4D5E6F7-0819-4A12-D345-6789012DEF04} = {D0E1F2A3-B4C5-4D67-E890-1234567D0123}
		{C2D3E4F5-0617-4D89-C123-4567890BCDEF} = {C1D2E3F4-0516-4C78-B012-3456789ABCDE}
		{C3D4E5F6-0718-4E90-D234-5678901CDEF0} = {C1D2E3F4-0516-4C78-B012-3456789ABCDE}
	EndGlobalSection
EndGlobal
